
Microsoft Visual Studio Solution File, Format Version 12.00
# Visual Studio 14
VisualStudioVersion = 14.0.25420.1
MinimumVisualStudioVersion = 10.0.40219.1
Project("{F2A71F9B-5D33-465A-A702-920D77279786}") = "untyped", "untyped\untyped.fsproj", "{C88B1088-6A46-4BFF-8B68-71130B83B428}"
EndProject
Project("{2150E333-8FDC-42A3-9474-1A3956D46DE8}") = "Build", "Build", "{41897A66-6095-41F8-AB00-BD414B645835}"
	ProjectSection(SolutionItems) = preProject
		paket.dependencies = paket.dependencies
	EndProjectSection
EndProject
Project("{2150E333-8FDC-42A3-9474-1A3956D46DE8}") = "Input", "Input", "{F81FB97C-0834-401C-A189-CA87C30AEC34}"
	ProjectSection(SolutionItems) = preProject
		fixBottomMin.f = fixBottomMin.f
		lambdaCalcPgm.src = lambdaCalcPgm.src
		lambdaRecursPgm.src = lambdaRecursPgm.src
		test.f = test.f
	EndProjectSection
EndProject
Project("{2150E333-8FDC-42A3-9474-1A3956D46DE8}") = "Notes", "Notes", "{C680EAE4-7F71-491B-9D2E-CCDB186BCD84}"
	ProjectSection(SolutionItems) = preProject
		note0.txt = note0.txt
		note1.txt = note1.txt
		note2.txt = note2.txt
		note3.txt = note3.txt
		Operational Semantics.txt = Operational Semantics.txt
	EndProjectSection
EndProject
Project("{F2A71F9B-5D33-465A-A702-920D77279786}") = "untypedBottom", "untypedBottom\untypedBottom.fsproj", "{04563C11-1F58-4EC6-91B1-ECB23DF639D3}"
EndProject
Project("{F2A71F9B-5D33-465A-A702-920D77279786}") = "Common", "Common\Common.fsproj", "{4C12B887-9C36-4563-A935-0EACB658659E}"
EndProject
Global
	GlobalSection(SolutionConfigurationPlatforms) = preSolution
		Debug|Any CPU = Debug|Any CPU
		Debug|x86 = Debug|x86
		Release|Any CPU = Release|Any CPU
		Release|x86 = Release|x86
	EndGlobalSection
	GlobalSection(ProjectConfigurationPlatforms) = postSolution
		{C88B1088-6A46-4BFF-8B68-71130B83B428}.Debug|Any CPU.ActiveCfg = Debug|x86
		{C88B1088-6A46-4BFF-8B68-71130B83B428}.Debug|x86.ActiveCfg = Debug|x86
		{C88B1088-6A46-4BFF-8B68-71130B83B428}.Debug|x86.Build.0 = Debug|x86
		{C88B1088-6A46-4BFF-8B68-71130B83B428}.Release|Any CPU.ActiveCfg = Release|x86
		{C88B1088-6A46-4BFF-8B68-71130B83B428}.Release|x86.ActiveCfg = Release|x86
		{C88B1088-6A46-4BFF-8B68-71130B83B428}.Release|x86.Build.0 = Release|x86
		{04563C11-1F58-4EC6-91B1-ECB23DF639D3}.Debug|Any CPU.ActiveCfg = Debug|x86
		{04563C11-1F58-4EC6-91B1-ECB23DF639D3}.Debug|x86.ActiveCfg = Debug|x86
		{04563C11-1F58-4EC6-91B1-ECB23DF639D3}.Debug|x86.Build.0 = Debug|x86
		{04563C11-1F58-4EC6-91B1-ECB23DF639D3}.Release|Any CPU.ActiveCfg = Release|x86
		{04563C11-1F58-4EC6-91B1-ECB23DF639D3}.Release|x86.ActiveCfg = Release|x86
		{04563C11-1F58-4EC6-91B1-ECB23DF639D3}.Release|x86.Build.0 = Release|x86
		{4C12B887-9C36-4563-A935-0EACB658659E}.Debug|Any CPU.ActiveCfg = Debug|Any CPU
		{4C12B887-9C36-4563-A935-0EACB658659E}.Debug|Any CPU.Build.0 = Debug|Any CPU
		{4C12B887-9C36-4563-A935-0EACB658659E}.Debug|x86.ActiveCfg = Debug|Any CPU
		{4C12B887-9C36-4563-A935-0EACB658659E}.Debug|x86.Build.0 = Debug|Any CPU
		{4C12B887-9C36-4563-A935-0EACB658659E}.Release|Any CPU.ActiveCfg = Release|Any CPU
		{4C12B887-9C36-4563-A935-0EACB658659E}.Release|Any CPU.Build.0 = Release|Any CPU
		{4C12B887-9C36-4563-A935-0EACB658659E}.Release|x86.ActiveCfg = Release|Any CPU
		{4C12B887-9C36-4563-A935-0EACB658659E}.Release|x86.Build.0 = Release|Any CPU
	EndGlobalSection
	GlobalSection(SolutionProperties) = preSolution
		HideSolutionNode = FALSE
	EndGlobalSection
EndGlobal
