
Microsoft Visual Studio Solution File, Format Version 12.00
# Visual Studio 15
VisualStudioVersion = 15.0.28307.168
MinimumVisualStudioVersion = 10.0.40219.1
Project("{2150E333-8FDC-42A3-9474-1A3956D46DE8}") = ".build", ".build", "{41897A66-6095-41F8-AB00-BD414B645835}"
	ProjectSection(SolutionItems) = preProject
		build.cmd = build.cmd
		paket.dependencies = paket.dependencies
		paket.lock = paket.lock
		paket.references = paket.references
	EndProjectSection
EndProject
Project("{2150E333-8FDC-42A3-9474-1A3956D46DE8}") = "Notes", "Notes", "{C680EAE4-7F71-491B-9D2E-CCDB186BCD84}"
	ProjectSection(SolutionItems) = preProject
		note0.txt = note0.txt
		Operational Semantics.txt = Operational Semantics.txt
	EndProjectSection
EndProject
Project("{6EC3EE1D-3C4E-46DD-8F32-0CC8E7565705}") = "Untyped", "src\Untyped\Untyped.fsproj", "{C88B1088-6A46-4BFF-8B68-71130B83B428}"
EndProject
Project("{6EC3EE1D-3C4E-46DD-8F32-0CC8E7565705}") = "UntypedRecurs", "src\UntypedRecurs\UntypedRecurs.fsproj", "{04563C11-1F58-4EC6-91B1-ECB23DF639D3}"
EndProject
Project("{2150E333-8FDC-42A3-9474-1A3956D46DE8}") = "docs", "docs", "{913E62B0-5D98-4A6A-B1E9-C8264EA8599E}"
	ProjectSection(SolutionItems) = preProject
		LICENSE.txt = LICENSE.txt
		README.md = README.md
		RELEASE_NOTES.md = RELEASE_NOTES.md
	EndProjectSection
EndProject
Project("{2150E333-8FDC-42A3-9474-1A3956D46DE8}") = "content", "content", "{A9CB2AE0-66E4-4747-AFDF-578A64C68034}"
	ProjectSection(SolutionItems) = preProject
		docsrc\content\buildnotes.fsx = docsrc\content\buildnotes.fsx
		docsrc\content\index.fsx = docsrc\content\index.fsx
		docsrc\content\operationalSemantics.fsx = docsrc\content\operationalSemantics.fsx
		docsrc\content\tutorial.fsx = docsrc\content\tutorial.fsx
		docsrc\content\unitTests.fsx = docsrc\content\unitTests.fsx
	EndProjectSection
EndProject
Project("{2150E333-8FDC-42A3-9474-1A3956D46DE8}") = "tools", "tools", "{2331FF94-41B7-4242-B273-D6386055DFCA}"
	ProjectSection(SolutionItems) = preProject
		docsrc\tools\templates\template.cshtml = docsrc\tools\templates\template.cshtml
	EndProjectSection
EndProject
Project("{2150E333-8FDC-42A3-9474-1A3956D46DE8}") = "tests", "tests", "{AE5A9267-6E29-40D7-AA21-115193171F4D}"
EndProject
Project("{6EC3EE1D-3C4E-46DD-8F32-0CC8E7565705}") = "LambdaCalc.Tests", "tests\LambdaCalc.Tests\LambdaCalc.Tests.fsproj", "{74DF7319-3D78-4DE6-8015-3EE1943C62C1}"
EndProject
Project("{6EC3EE1D-3C4E-46DD-8F32-0CC8E7565705}") = "LambdaCalc", "src\LambdaCalc\LambdaCalc.fsproj", "{A42BF79B-3F74-4286-A142-A96C798482E4}"
EndProject
Project("{2150E333-8FDC-42A3-9474-1A3956D46DE8}") = "git", "git", "{CF43620B-6103-491C-ADFA-5F3A76DEE963}"
	ProjectSection(SolutionItems) = preProject
		.gitattributes = .gitattributes
		.gitignore = .gitignore
	EndProjectSection
EndProject
Project("{2150E333-8FDC-42A3-9474-1A3956D46DE8}") = "lambdas", "lambdas", "{31A6FE9C-2C8C-4C22-9485-83A92B13414D}"
	ProjectSection(SolutionItems) = preProject
		lambdas\boolean.lmbd = lambdas\boolean.lmbd
		lambdas\deBruijnTest.lmbd = lambdas\deBruijnTest.lmbd
		lambdas\lambdaRecursPgm.lmbd = lambdas\lambdaRecursPgm.lmbd
		lambdas\lists.lmbd = lambdas\lists.lmbd
		lambdas\numbers.lmbd = lambdas\numbers.lmbd
		lambdas\prelude.lmbd = lambdas\prelude.lmbd
		lambdas\test.lmbd = lambdas\test.lmbd
		lambdas\tuple.lmbd = lambdas\tuple.lmbd
	EndProjectSection
EndProject
Project("{2150E333-8FDC-42A3-9474-1A3956D46DE8}") = "tests", "tests", "{50AD6414-DA94-44F8-BABB-A4345F4AF883}"
	ProjectSection(SolutionItems) = preProject
		lambdas\tests\cond.lmbd = lambdas\tests\cond.lmbd
		lambdas\tests\fixBottomMin.lmbd = lambdas\tests\fixBottomMin.lmbd
		lambdas\tests\lists.lmbd = lambdas\tests\lists.lmbd
		lambdas\tests\numbers.lmbd = lambdas\tests\numbers.lmbd
		lambdas\tests\recursion.lmbd = lambdas\tests\recursion.lmbd
		lambdas\tests\untypedrecurs.lmbd = lambdas\tests\untypedrecurs.lmbd
	EndProjectSection
EndProject
Project("{6EC3EE1D-3C4E-46DD-8F32-0CC8E7565705}") = "build", "src\Build\build.fsproj", "{8E289B25-5069-487F-930A-4ABF8072C5CB}"
EndProject
Global
	GlobalSection(SolutionConfigurationPlatforms) = preSolution
		Debug|Any CPU = Debug|Any CPU
		Debug|x86 = Debug|x86
		Release|Any CPU = Release|Any CPU
		Release|x86 = Release|x86
	EndGlobalSection
	GlobalSection(ProjectConfigurationPlatforms) = postSolution
		{C88B1088-6A46-4BFF-8B68-71130B83B428}.Debug|Any CPU.ActiveCfg = Debug|Any CPU
		{C88B1088-6A46-4BFF-8B68-71130B83B428}.Debug|Any CPU.Build.0 = Debug|Any CPU
		{C88B1088-6A46-4BFF-8B68-71130B83B428}.Debug|x86.ActiveCfg = Debug|Any CPU
		{C88B1088-6A46-4BFF-8B68-71130B83B428}.Debug|x86.Build.0 = Debug|Any CPU
		{C88B1088-6A46-4BFF-8B68-71130B83B428}.Release|Any CPU.ActiveCfg = Release|Any CPU
		{C88B1088-6A46-4BFF-8B68-71130B83B428}.Release|Any CPU.Build.0 = Release|Any CPU
		{C88B1088-6A46-4BFF-8B68-71130B83B428}.Release|x86.ActiveCfg = Release|Any CPU
		{C88B1088-6A46-4BFF-8B68-71130B83B428}.Release|x86.Build.0 = Release|Any CPU
		{04563C11-1F58-4EC6-91B1-ECB23DF639D3}.Debug|Any CPU.ActiveCfg = Debug|Any CPU
		{04563C11-1F58-4EC6-91B1-ECB23DF639D3}.Debug|Any CPU.Build.0 = Debug|Any CPU
		{04563C11-1F58-4EC6-91B1-ECB23DF639D3}.Debug|x86.ActiveCfg = Debug|Any CPU
		{04563C11-1F58-4EC6-91B1-ECB23DF639D3}.Debug|x86.Build.0 = Debug|Any CPU
		{04563C11-1F58-4EC6-91B1-ECB23DF639D3}.Release|Any CPU.ActiveCfg = Release|Any CPU
		{04563C11-1F58-4EC6-91B1-ECB23DF639D3}.Release|Any CPU.Build.0 = Release|Any CPU
		{04563C11-1F58-4EC6-91B1-ECB23DF639D3}.Release|x86.ActiveCfg = Release|Any CPU
		{04563C11-1F58-4EC6-91B1-ECB23DF639D3}.Release|x86.Build.0 = Release|Any CPU
		{74DF7319-3D78-4DE6-8015-3EE1943C62C1}.Debug|Any CPU.ActiveCfg = Debug|Any CPU
		{74DF7319-3D78-4DE6-8015-3EE1943C62C1}.Debug|Any CPU.Build.0 = Debug|Any CPU
		{74DF7319-3D78-4DE6-8015-3EE1943C62C1}.Debug|x86.ActiveCfg = Debug|Any CPU
		{74DF7319-3D78-4DE6-8015-3EE1943C62C1}.Debug|x86.Build.0 = Debug|Any CPU
		{74DF7319-3D78-4DE6-8015-3EE1943C62C1}.Release|Any CPU.ActiveCfg = Release|Any CPU
		{74DF7319-3D78-4DE6-8015-3EE1943C62C1}.Release|Any CPU.Build.0 = Release|Any CPU
		{74DF7319-3D78-4DE6-8015-3EE1943C62C1}.Release|x86.ActiveCfg = Release|Any CPU
		{74DF7319-3D78-4DE6-8015-3EE1943C62C1}.Release|x86.Build.0 = Release|Any CPU
		{A42BF79B-3F74-4286-A142-A96C798482E4}.Debug|Any CPU.ActiveCfg = Debug|Any CPU
		{A42BF79B-3F74-4286-A142-A96C798482E4}.Debug|Any CPU.Build.0 = Debug|Any CPU
		{A42BF79B-3F74-4286-A142-A96C798482E4}.Debug|x86.ActiveCfg = Debug|Any CPU
		{A42BF79B-3F74-4286-A142-A96C798482E4}.Debug|x86.Build.0 = Debug|Any CPU
		{A42BF79B-3F74-4286-A142-A96C798482E4}.Release|Any CPU.ActiveCfg = Release|Any CPU
		{A42BF79B-3F74-4286-A142-A96C798482E4}.Release|Any CPU.Build.0 = Release|Any CPU
		{A42BF79B-3F74-4286-A142-A96C798482E4}.Release|x86.ActiveCfg = Release|Any CPU
		{A42BF79B-3F74-4286-A142-A96C798482E4}.Release|x86.Build.0 = Release|Any CPU
		{8E289B25-5069-487F-930A-4ABF8072C5CB}.Debug|Any CPU.ActiveCfg = Debug|Any CPU
		{8E289B25-5069-487F-930A-4ABF8072C5CB}.Debug|Any CPU.Build.0 = Debug|Any CPU
		{8E289B25-5069-487F-930A-4ABF8072C5CB}.Debug|x86.ActiveCfg = Debug|Any CPU
		{8E289B25-5069-487F-930A-4ABF8072C5CB}.Debug|x86.Build.0 = Debug|Any CPU
		{8E289B25-5069-487F-930A-4ABF8072C5CB}.Release|Any CPU.ActiveCfg = Release|Any CPU
		{8E289B25-5069-487F-930A-4ABF8072C5CB}.Release|Any CPU.Build.0 = Release|Any CPU
		{8E289B25-5069-487F-930A-4ABF8072C5CB}.Release|x86.ActiveCfg = Release|Any CPU
		{8E289B25-5069-487F-930A-4ABF8072C5CB}.Release|x86.Build.0 = Release|Any CPU
	EndGlobalSection
	GlobalSection(SolutionProperties) = preSolution
		HideSolutionNode = FALSE
	EndGlobalSection
	GlobalSection(NestedProjects) = preSolution
		{A9CB2AE0-66E4-4747-AFDF-578A64C68034} = {913E62B0-5D98-4A6A-B1E9-C8264EA8599E}
		{2331FF94-41B7-4242-B273-D6386055DFCA} = {913E62B0-5D98-4A6A-B1E9-C8264EA8599E}
		{74DF7319-3D78-4DE6-8015-3EE1943C62C1} = {AE5A9267-6E29-40D7-AA21-115193171F4D}
		{50AD6414-DA94-44F8-BABB-A4345F4AF883} = {31A6FE9C-2C8C-4C22-9485-83A92B13414D}
	EndGlobalSection
	GlobalSection(ExtensibilityGlobals) = postSolution
		SolutionGuid = {D21B9123-58C9-4BA4-B521-44A320ACD56F}
	EndGlobalSection
EndGlobal
